
Microsoft Visual Studio Solution File, Format Version 12.00
# Visual Studio Version 17
VisualStudioVersion = 17.9.34728.123
MinimumVisualStudioVersion = 10.0.40219.1
Project("{2150E333-8FDC-42A3-9474-1A3956D46DE8}") = "src", "src", "{0564FD21-6BF5-4DFD-A186-754E83C622FA}"
EndProject
Project("{2150E333-8FDC-42A3-9474-1A3956D46DE8}") = "Core", "Core", "{710A2E2E-BD72-4127-B97B-F3F4DBD421A4}"
EndProject
Project("{2150E333-8FDC-42A3-9474-1A3956D46DE8}") = "Presentation", "Presentation", "{8EE78EED-2CCB-4EA9-AEA4-BCD8B83D2D12}"
EndProject
Project("{2150E333-8FDC-42A3-9474-1A3956D46DE8}") = "Commons", "Commons", "{1FF89D2F-75DE-4D2C-BDCC-976A039B6271}"
EndProject
Project("{2150E333-8FDC-42A3-9474-1A3956D46DE8}") = "Infrastructure", "Infrastructure", "{16B45FF6-F9F4-4C18-A981-272013FC2B6E}"
EndProject
Project("{9A19103F-16F7-4668-BE54-9A1E7A4F7556}") = "ReservaTurnos.Presentation.Api", "src\Presentation\ReservaTurnos.Presentation.Api\ReservaTurnos.Presentation.Api.csproj", "{7475F2C8-6523-40CA-B32A-E26AE210F1F8}"
EndProject
Project("{9A19103F-16F7-4668-BE54-9A1E7A4F7556}") = "ReservaTurnos.Infrastructure.Persistence", "src\Infrastructure\ReservaTurnos.Infrastructure.Persistence\ReservaTurnos.Infrastructure.Persistence.csproj", "{A6F735F3-A0DA-420D-8950-341EFBA4D839}"
EndProject
Project("{9A19103F-16F7-4668-BE54-9A1E7A4F7556}") = "ReservaTurnos.Infrastructure.Proxy", "src\Infrastructure\ReservaTurnos.Infrastructure.Proxy\ReservaTurnos.Infrastructure.Proxy.csproj", "{2E844E56-03B7-4F40-88E3-7A10FC264E3A}"
EndProject
Project("{9A19103F-16F7-4668-BE54-9A1E7A4F7556}") = "ReservaTurnos.Core.Domain", "src\Core\ReservaTurnos.Core.Domain\ReservaTurnos.Core.Domain.csproj", "{E93C8B54-396A-4C80-9DFC-E4E8E76A33A3}"
EndProject
Project("{9A19103F-16F7-4668-BE54-9A1E7A4F7556}") = "ReservaTurnos.Core.Application", "src\Core\ReservaTurnos.Core.Application\ReservaTurnos.Core.Application.csproj", "{5DA622D6-1D32-47D7-AAEE-AA630F84FC6C}"
EndProject
Project("{FAE04EC0-301F-11D3-BF4B-00C04F79EFBC}") = "ReservaTurnos.Commons", "src\Commons\ReservaTurnos.Commons\ReservaTurnos.Commons.csproj", "{225D22C9-6104-4D15-A598-49124178DF8F}"
EndProject
Global
	GlobalSection(SolutionConfigurationPlatforms) = preSolution
		Debug|Any CPU = Debug|Any CPU
		Release|Any CPU = Release|Any CPU
	EndGlobalSection
	GlobalSection(ProjectConfigurationPlatforms) = postSolution
		{7475F2C8-6523-40CA-B32A-E26AE210F1F8}.Debug|Any CPU.ActiveCfg = Debug|Any CPU
		{7475F2C8-6523-40CA-B32A-E26AE210F1F8}.Debug|Any CPU.Build.0 = Debug|Any CPU
		{7475F2C8-6523-40CA-B32A-E26AE210F1F8}.Release|Any CPU.ActiveCfg = Release|Any CPU
		{7475F2C8-6523-40CA-B32A-E26AE210F1F8}.Release|Any CPU.Build.0 = Release|Any CPU
		{A6F735F3-A0DA-420D-8950-341EFBA4D839}.Debug|Any CPU.ActiveCfg = Debug|Any CPU
		{A6F735F3-A0DA-420D-8950-341EFBA4D839}.Debug|Any CPU.Build.0 = Debug|Any CPU
		{A6F735F3-A0DA-420D-8950-341EFBA4D839}.Release|Any CPU.ActiveCfg = Release|Any CPU
		{A6F735F3-A0DA-420D-8950-341EFBA4D839}.Release|Any CPU.Build.0 = Release|Any CPU
		{2E844E56-03B7-4F40-88E3-7A10FC264E3A}.Debug|Any CPU.ActiveCfg = Debug|Any CPU
		{2E844E56-03B7-4F40-88E3-7A10FC264E3A}.Debug|Any CPU.Build.0 = Debug|Any CPU
		{2E844E56-03B7-4F40-88E3-7A10FC264E3A}.Release|Any CPU.ActiveCfg = Release|Any CPU
		{2E844E56-03B7-4F40-88E3-7A10FC264E3A}.Release|Any CPU.Build.0 = Release|Any CPU
		{E93C8B54-396A-4C80-9DFC-E4E8E76A33A3}.Debug|Any CPU.ActiveCfg = Debug|Any CPU
		{E93C8B54-396A-4C80-9DFC-E4E8E76A33A3}.Debug|Any CPU.Build.0 = Debug|Any CPU
		{E93C8B54-396A-4C80-9DFC-E4E8E76A33A3}.Release|Any CPU.ActiveCfg = Release|Any CPU
		{E93C8B54-396A-4C80-9DFC-E4E8E76A33A3}.Release|Any CPU.Build.0 = Release|Any CPU
		{5DA622D6-1D32-47D7-AAEE-AA630F84FC6C}.Debug|Any CPU.ActiveCfg = Debug|Any CPU
		{5DA622D6-1D32-47D7-AAEE-AA630F84FC6C}.Debug|Any CPU.Build.0 = Debug|Any CPU
		{5DA622D6-1D32-47D7-AAEE-AA630F84FC6C}.Release|Any CPU.ActiveCfg = Release|Any CPU
		{5DA622D6-1D32-47D7-AAEE-AA630F84FC6C}.Release|Any CPU.Build.0 = Release|Any CPU
		{225D22C9-6104-4D15-A598-49124178DF8F}.Debug|Any CPU.ActiveCfg = Debug|Any CPU
		{225D22C9-6104-4D15-A598-49124178DF8F}.Debug|Any CPU.Build.0 = Debug|Any CPU
		{225D22C9-6104-4D15-A598-49124178DF8F}.Release|Any CPU.ActiveCfg = Release|Any CPU
		{225D22C9-6104-4D15-A598-49124178DF8F}.Release|Any CPU.Build.0 = Release|Any CPU
	EndGlobalSection
	GlobalSection(SolutionProperties) = preSolution
		HideSolutionNode = FALSE
	EndGlobalSection
	GlobalSection(NestedProjects) = preSolution
		{710A2E2E-BD72-4127-B97B-F3F4DBD421A4} = {0564FD21-6BF5-4DFD-A186-754E83C622FA}
		{8EE78EED-2CCB-4EA9-AEA4-BCD8B83D2D12} = {0564FD21-6BF5-4DFD-A186-754E83C622FA}
		{1FF89D2F-75DE-4D2C-BDCC-976A039B6271} = {0564FD21-6BF5-4DFD-A186-754E83C622FA}
		{16B45FF6-F9F4-4C18-A981-272013FC2B6E} = {0564FD21-6BF5-4DFD-A186-754E83C622FA}
		{7475F2C8-6523-40CA-B32A-E26AE210F1F8} = {8EE78EED-2CCB-4EA9-AEA4-BCD8B83D2D12}
		{A6F735F3-A0DA-420D-8950-341EFBA4D839} = {16B45FF6-F9F4-4C18-A981-272013FC2B6E}
		{2E844E56-03B7-4F40-88E3-7A10FC264E3A} = {16B45FF6-F9F4-4C18-A981-272013FC2B6E}
		{E93C8B54-396A-4C80-9DFC-E4E8E76A33A3} = {710A2E2E-BD72-4127-B97B-F3F4DBD421A4}
		{5DA622D6-1D32-47D7-AAEE-AA630F84FC6C} = {710A2E2E-BD72-4127-B97B-F3F4DBD421A4}
		{225D22C9-6104-4D15-A598-49124178DF8F} = {1FF89D2F-75DE-4D2C-BDCC-976A039B6271}
	EndGlobalSection
	GlobalSection(ExtensibilityGlobals) = postSolution
		SolutionGuid = {8AD51EEF-D2A8-479F-97D6-FC25EE78FBD2}
	EndGlobalSection
EndGlobal
